<?xml version="1.0" encoding="utf-8"?>
<Project ToolsVersion="4.0" xmlns="http://schemas.microsoft.com/developer/msbuild/2003">
  <ItemGroup>
    <Filter Include="Source Files">
      <Extensions>cpp;c;cc;cxx;c++;cppm;ixx;def;odl;idl;hpj;bat;asm;asmx</Extensions>
    </Filter>
    <Filter Include="Header Files">
      <Extensions>h;hh;hpp;hxx;h++;hm;inl;inc;ipp;xsd</Extensions>
    </Filter>
    <Filter Include="Resource Files">
      <Extensions>rc;ico;cur;bmp;dlg;rc2;rct;bin;rgs;gif;jpg;jpeg;jpe;resx;tiff;tif;png;wav;mfcribbon-ms</Extensions>
    </Filter>
  </ItemGroup>
  <ItemGroup>
    <ClCompile Include="AccountMain.cpp">
      <Filter>Source Files</Filter>
    </ClCompile>
    <ClCompile Include="Infra\Network\Connection.cpp">
      <Filter>Source Files</Filter>
    </ClCompile>
    <ClCompile Include="Infra\Network\Server.cpp">
      <Filter>Source Files</Filter>
    </ClCompile>
    <ClCompile Include="Infra\Network\Encryption\TqCipher.cpp">
      <Filter>Source Files</Filter>
    </ClCompile>
    <ClCompile Include="Msg\MsgAccount.cpp">
      <Filter>Source Files</Filter>
    </ClCompile>
    <ClCompile Include="Msg\NetMsg.cpp">
      <Filter>Source Files</Filter>
    </ClCompile>
  </ItemGroup>
  <ItemGroup>
    <ClInclude Include="Infra\Network\Connection.h">
      <Filter>Header Files</Filter>
    </ClInclude>
    <ClInclude Include="Infra\Network\Server.h">
      <Filter>Header Files</Filter>
    </ClInclude>
    <ClInclude Include="Infra\Network\Encryption\TqCipher.h">
      <Filter>Header Files</Filter>
    </ClInclude>
    <ClInclude Include="Msg\MsgAccount.h">
      <Filter>Header Files</Filter>
    </ClInclude>
    <ClInclude Include="Msg\NetMsg.h">
      <Filter>Header Files</Filter>
    </ClInclude>
  </ItemGroup>
</Project>