<?xml version="1.0" encoding="utf-8"?>
<Project ToolsVersion="4.0" xmlns="http://schemas.microsoft.com/developer/msbuild/2003">
  <ItemGroup>
    <Filter Include="Source Files">
      <UniqueIdentifier>{4FC737F1-C7A5-4376-A066-2A32D752A2FF}</UniqueIdentifier>
      <Extensions>cpp;c;cc;cxx;c++;cppm;ixx;def;odl;idl;hpj;bat;asm;asmx</Extensions>
    </Filter>
    <Filter Include="Resource Files">
      <UniqueIdentifier>{67DA6AB6-F800-4c08-8B7A-83BB121AAD01}</UniqueIdentifier>
      <Extensions>rc;ico;cur;bmp;dlg;rc2;rct;bin;rgs;gif;jpg;jpeg;jpe;resx;tiff;tif;png;wav;mfcribbon-ms</Extensions>
    </Filter>
  </ItemGroup>
  <ItemGroup>
    <ClCompile Include="src\Msg\MsgAccount.cpp">
      <Filter>Source Files</Filter>
    </ClCompile>
    <ClCompile Include="src\Msg\MsgConnect.cpp">
      <Filter>Source Files</Filter>
    </ClCompile>
    <ClCompile Include="src\Msg\MsgConnectEx.cpp">
      <Filter>Source Files</Filter>
    </ClCompile>
    <ClCompile Include="src\Msg\NetMsg.cpp">
      <Filter>Source Files</Filter>
    </ClCompile>
    <ClCompile Include="src\Network\Connection.cpp">
      <Filter>Source Files</Filter>
    </ClCompile>
    <ClCompile Include="src\Network\Encryption\Rc5.cpp">
      <Filter>Source Files</Filter>
    </ClCompile>
    <ClCompile Include="src\Network\Encryption\TqCipher.cpp">
      <Filter>Source Files</Filter>
    </ClCompile>
    <ClCompile Include="src\Network\Server.cpp">
      <Filter>Source Files</Filter>
    </ClCompile>
    <ClCompile Include="src\Util\StringPacker.cpp">
      <Filter>Source Files</Filter>
    </ClCompile>
    <ClCompile Include="src\Msg\MsgTalk.cpp">
      <Filter>Source Files</Filter>
    </ClCompile>
    <ClCompile Include="src\Database\Database.cpp">
      <Filter>Source Files</Filter>
    </ClCompile>
    <ClCompile Include="src\Util\LineReader.cpp">
      <Filter>Source Files</Filter>
    </ClCompile>
    <ClCompile Include="src\Database\Statements\Authenticate.cpp">
      <Filter>Source Files</Filter>
    </ClCompile>
    <ClCompile Include="src\Database\Statements\Register.cpp">
      <Filter>Source Files</Filter>
    </ClCompile>
    <ClCompile Include="src\Database\Statements\GetUser.cpp">
      <Filter>Source Files</Filter>
    </ClCompile>
    <ClCompile Include="src\Msg\MsgData.cpp">
      <Filter>Source Files</Filter>
    </ClCompile>
    <ClCompile Include="src\Msg\MsgUserInfo.cpp">
      <Filter>Source Files</Filter>
    </ClCompile>
    <ClCompile Include="src\Msg\MsgAction.cpp">
      <Filter>Source Files</Filter>
    </ClCompile>
    <ClCompile Include="src\Msg\MsgItemInfo.cpp">
      <Filter>Source Files</Filter>
    </ClCompile>
    <ClCompile Include="src\Structs\Item.cpp">
      <Filter>Source Files</Filter>
    </ClCompile>
    <ClCompile Include="src\Database\Statements\GetUserItems.cpp">
      <Filter>Source Files</Filter>
    </ClCompile>
  </ItemGroup>
  <ItemGroup>
    <ClInclude Include="include\Msg\MsgAccount.h" />
    <ClInclude Include="include\Msg\MsgConnect.h" />
    <ClInclude Include="include\Msg\MsgConnectEx.h" />
    <ClInclude Include="include\Msg\NetMsg.h" />
    <ClInclude Include="include\Network\Connection.h" />
    <ClInclude Include="include\Network\Encryption\Rc5.h" />
    <ClInclude Include="include\Network\Encryption\TqCipher.h" />
    <ClInclude Include="include\Network\Server.h" />
    <ClInclude Include="include\Network\Encryption\ICipher.h" />
    <ClInclude Include="include\Network\Encryption\IExchange.h" />
    <ClInclude Include="include\Util\StringPacker.h" />
    <ClInclude Include="include\Msg\MsgTalk.h" />
    <ClInclude Include="include\Database\Database.h" />
    <ClInclude Include="include\Database\Statements\IStatement.h" />
    <ClInclude Include="include\Util\LineReader.h" />
    <ClInclude Include="include\Database\db_helper.h" />
    <ClInclude Include="include\Database\Statements\Authenticate.h" />
    <ClInclude Include="include\Database\Statements\Register.h" />
    <ClInclude Include="include\Database\Statements\GetUser.h" />
    <ClInclude Include="include\Msg\MsgData.h" />
    <ClInclude Include="include\Msg\MsgUserInfo.h" />
    <ClInclude Include="include\Msg\MsgAction.h" />
    <ClInclude Include="include\Msg\MsgItemInfo.h" />
    <ClInclude Include="include\Structs\Item.h" />
    <ClInclude Include="include\Database\Statements\GetUserItems.h" />
  </ItemGroup>
</Project>